
Microsoft Visual Studio Solution File, Format Version 12.00
# Visual Studio Version 17
VisualStudioVersion = 17.4.33213.308
MinimumVisualStudioVersion = 10.0.40219.1
Project("{FAE04EC0-301F-11D3-BF4B-00C04F79EFBC}") = "FF7Scarlet", "FF7Scarlet.csproj", "{5732E8E8-DE5D-4339-B27B-E881E68B5429}"
EndProject
Project("{FAE04EC0-301F-11D3-BF4B-00C04F79EFBC}") = "FF7Scarlet.Tests", "..\FF7Scarlet.Tests\FF7Scarlet.Tests.csproj", "{1B123D0D-7744-489E-96FF-2882FDC99774}"
EndProject
Global
	GlobalSection(SolutionConfigurationPlatforms) = preSolution
		Debug|Any CPU = Debug|Any CPU
		Debug|x64 = Debug|x64
		Debug|x86 = Debug|x86
		Release|Any CPU = Release|Any CPU
		Release|x64 = Release|x64
		Release|x86 = Release|x86
	EndGlobalSection
	GlobalSection(ProjectConfigurationPlatforms) = postSolution
		{5732E8E8-DE5D-4339-B27B-E881E68B5429}.Debug|Any CPU.ActiveCfg = Debug|Any CPU
		{5732E8E8-DE5D-4339-B27B-E881E68B5429}.Debug|Any CPU.Build.0 = Debug|Any CPU
		{5732E8E8-DE5D-4339-B27B-E881E68B5429}.Debug|x64.ActiveCfg = Debug|Any CPU
		{5732E8E8-DE5D-4339-B27B-E881E68B5429}.Debug|x64.Build.0 = Debug|Any CPU
		{5732E8E8-DE5D-4339-B27B-E881E68B5429}.Debug|x86.ActiveCfg = Debug|Any CPU
		{5732E8E8-DE5D-4339-B27B-E881E68B5429}.Debug|x86.Build.0 = Debug|Any CPU
		{5732E8E8-DE5D-4339-B27B-E881E68B5429}.Release|Any CPU.ActiveCfg = Release|Any CPU
		{5732E8E8-DE5D-4339-B27B-E881E68B5429}.Release|Any CPU.Build.0 = Release|Any CPU
		{5732E8E8-DE5D-4339-B27B-E881E68B5429}.Release|x64.ActiveCfg = Release|Any CPU
		{5732E8E8-DE5D-4339-B27B-E881E68B5429}.Release|x64.Build.0 = Release|Any CPU
		{5732E8E8-DE5D-4339-B27B-E881E68B5429}.Release|x86.ActiveCfg = Release|Any CPU
		{5732E8E8-DE5D-4339-B27B-E881E68B5429}.Release|x86.Build.0 = Release|Any CPU
		{1B123D0D-7744-489E-96FF-2882FDC99774}.Debug|Any CPU.ActiveCfg = Debug|Any CPU
		{1B123D0D-7744-489E-96FF-2882FDC99774}.Debug|Any CPU.Build.0 = Debug|Any CPU
		{1B123D0D-7744-489E-96FF-2882FDC99774}.Debug|x64.ActiveCfg = Debug|Any CPU
		{1B123D0D-7744-489E-96FF-2882FDC99774}.Debug|x64.Build.0 = Debug|Any CPU
		{1B123D0D-7744-489E-96FF-2882FDC99774}.Debug|x86.ActiveCfg = Debug|Any CPU
		{1B123D0D-7744-489E-96FF-2882FDC99774}.Debug|x86.Build.0 = Debug|Any CPU
		{1B123D0D-7744-489E-96FF-2882FDC99774}.Release|Any CPU.ActiveCfg = Release|Any CPU
		{1B123D0D-7744-489E-96FF-2882FDC99774}.Release|Any CPU.Build.0 = Release|Any CPU
		{1B123D0D-7744-489E-96FF-2882FDC99774}.Release|x64.ActiveCfg = Release|Any CPU
		{1B123D0D-7744-489E-96FF-2882FDC99774}.Release|x64.Build.0 = Release|Any CPU
		{1B123D0D-7744-489E-96FF-2882FDC99774}.Release|x86.ActiveCfg = Release|Any CPU
		{1B123D0D-7744-489E-96FF-2882FDC99774}.Release|x86.Build.0 = Release|Any CPU
	EndGlobalSection
	GlobalSection(SolutionProperties) = preSolution
		HideSolutionNode = FALSE
	EndGlobalSection
	GlobalSection(ExtensibilityGlobals) = postSolution
		SolutionGuid = {ECF0D546-A9FE-4216-B8B6-C38A9A44E97C}
	EndGlobalSection
EndGlobal
